
Microsoft Visual Studio Solution File, Format Version 12.00
# Visual Studio Version 16
VisualStudioVersion = 16.0.30523.141
MinimumVisualStudioVersion = 10.0.40219.1
Project("{9092AA53-FB77-4645-B42D-1CCCA6BD08BD}") = "ApiMockeada", "ApiMockeada.njsproj", "{B72BA1F0-90B0-4205-BD3B-86231F182FB2}"
EndProject
Global
	GlobalSection(SolutionConfigurationPlatforms) = preSolution
		Debug|Any CPU = Debug|Any CPU
		Release|Any CPU = Release|Any CPU
	EndGlobalSection
	GlobalSection(ProjectConfigurationPlatforms) = postSolution
		{B72BA1F0-90B0-4205-BD3B-86231F182FB2}.Debug|Any CPU.ActiveCfg = Debug|Any CPU
		{B72BA1F0-90B0-4205-BD3B-86231F182FB2}.Debug|Any CPU.Build.0 = Debug|Any CPU
		{B72BA1F0-90B0-4205-BD3B-86231F182FB2}.Release|Any CPU.ActiveCfg = Release|Any CPU
		{B72BA1F0-90B0-4205-BD3B-86231F182FB2}.Release|Any CPU.Build.0 = Release|Any CPU
	EndGlobalSection
	GlobalSection(SolutionProperties) = preSolution
		HideSolutionNode = FALSE
	EndGlobalSection
	GlobalSection(ExtensibilityGlobals) = postSolution
		SolutionGuid = {C5484F8B-B752-47A4-9494-A1172BA81D38}
	EndGlobalSection
EndGlobal
